
Microsoft Visual Studio Solution File, Format Version 12.00
# Visual Studio Version 16
VisualStudioVersion = 16.0.31410.357
MinimumVisualStudioVersion = 10.0.40219.1
Project("{9A19103F-16F7-4668-BE54-9A1E7A4F7556}") = "Ramos.ContentSecurityPolicy.NET", "src\Ramos.ContentSecurityPolicy.NET\Ramos.ContentSecurityPolicy.NET.csproj", "{3A36E389-B632-4340-83C9-376C3FA4E600}"
EndProject
Project("{9A19103F-16F7-4668-BE54-9A1E7A4F7556}") = "Ramos.ContentSecurityPolicy.NET.Web", "src\Ramos.ContentSecurityPolicy.NET.Web\Ramos.ContentSecurityPolicy.NET.Web.csproj", "{4F977E95-9B43-4D86-991A-5A620466063F}"
EndProject
Project("{2150E333-8FDC-42A3-9474-1A3956D46DE8}") = "src", "src", "{DA8D4F6D-5593-4CC9-99D5-6D605BC1207D}"
EndProject
Project("{2150E333-8FDC-42A3-9474-1A3956D46DE8}") = "tests", "tests", "{31320940-9224-494D-B394-2FD9C8C1F61A}"
EndProject
Project("{9A19103F-16F7-4668-BE54-9A1E7A4F7556}") = "Ramos.ContentSecurityPolicy.NET.Tests", "tests\Ramos.ContentSecurityPolicy.NET.Tests\Ramos.ContentSecurityPolicy.NET.Tests.csproj", "{B01396E7-0772-436B-9464-8DA4EBBDD3A8}"
EndProject
Global
	GlobalSection(SolutionConfigurationPlatforms) = preSolution
		Debug|Any CPU = Debug|Any CPU
		Release|Any CPU = Release|Any CPU
	EndGlobalSection
	GlobalSection(ProjectConfigurationPlatforms) = postSolution
		{3A36E389-B632-4340-83C9-376C3FA4E600}.Debug|Any CPU.ActiveCfg = Debug|Any CPU
		{3A36E389-B632-4340-83C9-376C3FA4E600}.Debug|Any CPU.Build.0 = Debug|Any CPU
		{3A36E389-B632-4340-83C9-376C3FA4E600}.Release|Any CPU.ActiveCfg = Release|Any CPU
		{3A36E389-B632-4340-83C9-376C3FA4E600}.Release|Any CPU.Build.0 = Release|Any CPU
		{4F977E95-9B43-4D86-991A-5A620466063F}.Debug|Any CPU.ActiveCfg = Debug|Any CPU
		{4F977E95-9B43-4D86-991A-5A620466063F}.Debug|Any CPU.Build.0 = Debug|Any CPU
		{4F977E95-9B43-4D86-991A-5A620466063F}.Release|Any CPU.ActiveCfg = Release|Any CPU
		{4F977E95-9B43-4D86-991A-5A620466063F}.Release|Any CPU.Build.0 = Release|Any CPU
		{B01396E7-0772-436B-9464-8DA4EBBDD3A8}.Debug|Any CPU.ActiveCfg = Debug|Any CPU
		{B01396E7-0772-436B-9464-8DA4EBBDD3A8}.Debug|Any CPU.Build.0 = Debug|Any CPU
		{B01396E7-0772-436B-9464-8DA4EBBDD3A8}.Release|Any CPU.ActiveCfg = Release|Any CPU
		{B01396E7-0772-436B-9464-8DA4EBBDD3A8}.Release|Any CPU.Build.0 = Release|Any CPU
	EndGlobalSection
	GlobalSection(SolutionProperties) = preSolution
		HideSolutionNode = FALSE
	EndGlobalSection
	GlobalSection(NestedProjects) = preSolution
		{3A36E389-B632-4340-83C9-376C3FA4E600} = {DA8D4F6D-5593-4CC9-99D5-6D605BC1207D}
		{4F977E95-9B43-4D86-991A-5A620466063F} = {DA8D4F6D-5593-4CC9-99D5-6D605BC1207D}
		{B01396E7-0772-436B-9464-8DA4EBBDD3A8} = {31320940-9224-494D-B394-2FD9C8C1F61A}
	EndGlobalSection
	GlobalSection(ExtensibilityGlobals) = postSolution
		SolutionGuid = {6D28AB94-FF04-481F-8179-EF965FBE2060}
	EndGlobalSection
EndGlobal
